
Microsoft Visual Studio Solution File, Format Version 12.00
# Visual Studio Version 16
VisualStudioVersion = 16.0.31515.178
MinimumVisualStudioVersion = 10.0.40219.1
Project("{FAE04EC0-301F-11D3-BF4B-00C04F79EFBC}") = "DnaVastgoed", "DnaVastgoed\DnaVastgoed.csproj", "{33A42D66-5FF3-4899-A9CB-58295E77E8F0}"
EndProject
Global
	GlobalSection(SolutionConfigurationPlatforms) = preSolution
		Debug|Any CPU = Debug|Any CPU
		Release|Any CPU = Release|Any CPU
	EndGlobalSection
	GlobalSection(ProjectConfigurationPlatforms) = postSolution
		{33A42D66-5FF3-4899-A9CB-58295E77E8F0}.Debug|Any CPU.ActiveCfg = Debug|Any CPU
		{33A42D66-5FF3-4899-A9CB-58295E77E8F0}.Debug|Any CPU.Build.0 = Debug|Any CPU
		{33A42D66-5FF3-4899-A9CB-58295E77E8F0}.Release|Any CPU.ActiveCfg = Release|Any CPU
		{33A42D66-5FF3-4899-A9CB-58295E77E8F0}.Release|Any CPU.Build.0 = Release|Any CPU
	EndGlobalSection
	GlobalSection(SolutionProperties) = preSolution
		HideSolutionNode = FALSE
	EndGlobalSection
	GlobalSection(ExtensibilityGlobals) = postSolution
		SolutionGuid = {B49F1BD4-D077-4093-AE20-7884F950BE36}
	EndGlobalSection
EndGlobal
