
Microsoft Visual Studio Solution File, Format Version 12.00
# Visual Studio Version 16
VisualStudioVersion = 25.0.1706.0
MinimumVisualStudioVersion = 10.0.40219.1
Project("{FAE04EC0-301F-11D3-BF4B-00C04F79EFBC}") = "DnaVastgoed", "DnaVastgoed.csproj", "{86E710D7-7DD4-4E85-8EF0-5604CE143962}"
EndProject
Global
	GlobalSection(SolutionConfigurationPlatforms) = preSolution
		Debug|Any CPU = Debug|Any CPU
		Release|Any CPU = Release|Any CPU
	EndGlobalSection
	GlobalSection(ProjectConfigurationPlatforms) = postSolution
		{86E710D7-7DD4-4E85-8EF0-5604CE143962}.Debug|Any CPU.ActiveCfg = Debug|Any CPU
		{86E710D7-7DD4-4E85-8EF0-5604CE143962}.Debug|Any CPU.Build.0 = Debug|Any CPU
		{86E710D7-7DD4-4E85-8EF0-5604CE143962}.Release|Any CPU.ActiveCfg = Release|Any CPU
		{86E710D7-7DD4-4E85-8EF0-5604CE143962}.Release|Any CPU.Build.0 = Release|Any CPU
	EndGlobalSection
	GlobalSection(SolutionProperties) = preSolution
		HideSolutionNode = FALSE
	EndGlobalSection
	GlobalSection(ExtensibilityGlobals) = postSolution
		SolutionGuid = {75982902-168F-4986-A83B-209F1109D0D0}
	EndGlobalSection
EndGlobal
